// !$*UTF8*$!
{
	archiveVersion = 1;
	classes = {
	};
	objectVersion = 56;
	objects = {

/* Begin PBXBuildFile section */
		7D1CF11D2BA07A0500C1807A /* BulletTableViewCell.swift in Sources */ = {isa = PBXBuildFile; fileRef = 7D1CF11C2BA07A0500C1807A /* BulletTableViewCell.swift */; };
		7D4CF9F12BA573A000BC7952 /* AutoResizingTableView.swift in Sources */ = {isa = PBXBuildFile; fileRef = 7D4CF9F02BA573A000BC7952 /* AutoResizingTableView.swift */; };
		7D4CF9F32BA8269500BC7952 /* BulletCheckboxTableViewCell.swift in Sources */ = {isa = PBXBuildFile; fileRef = 7D4CF9F22BA8269500BC7952 /* BulletCheckboxTableViewCell.swift */; };
		7D4CF9F52BA83B2700BC7952 /* CheckBox.swift in Sources */ = {isa = PBXBuildFile; fileRef = 7D4CF9F42BA83B2700BC7952 /* CheckBox.swift */; };
		7D4CF9F72BA9280700BC7952 /* HomeVC+Timer.swift in Sources */ = {isa = PBXBuildFile; fileRef = 7D4CF9F62BA9280700BC7952 /* HomeVC+Timer.swift */; };
		7D4CF9F92BA9294E00BC7952 /* HomeVC+TableView.swift in Sources */ = {isa = PBXBuildFile; fileRef = 7D4CF9F82BA9294E00BC7952 /* HomeVC+TableView.swift */; };
		7D4CF9FC2BA92C1800BC7952 /* WritingPageViewController.swift in Sources */ = {isa = PBXBuildFile; fileRef = 7D4CF9FB2BA92C1800BC7952 /* WritingPageViewController.swift */; };
		7D4CF9FE2BA932CF00BC7952 /* WritingPageView.swift in Sources */ = {isa = PBXBuildFile; fileRef = 7D4CF9FD2BA932CF00BC7952 /* WritingPageView.swift */; };
		7D4CFA012BA9667B00BC7952 /* BlankView.swift in Sources */ = {isa = PBXBuildFile; fileRef = 7D4CFA002BA9667B00BC7952 /* BlankView.swift */; };
		7D4CFA062BAA49CC00BC7952 /* HomeVC+PHPicker.swift in Sources */ = {isa = PBXBuildFile; fileRef = 7D4CFA052BAA49CC00BC7952 /* HomeVC+PHPicker.swift */; };
		7D807EBA2BAC0B6C001E6F3A /* TextFieldView.swift in Sources */ = {isa = PBXBuildFile; fileRef = 7D807EB92BAC0B6C001E6F3A /* TextFieldView.swift */; };
		7D807EBC2BAC62BD001E6F3A /* UIViewController.swift in Sources */ = {isa = PBXBuildFile; fileRef = 7D807EBB2BAC62BD001E6F3A /* UIViewController.swift */; };
		7D807EBE2BAD222C001E6F3A /* BulletWithDeleteButtonTableViewCell.swift in Sources */ = {isa = PBXBuildFile; fileRef = 7D807EBD2BAD222C001E6F3A /* BulletWithDeleteButtonTableViewCell.swift */; };
		7D807EC02BAD256B001E6F3A /* WritingPageVC+TableView.swift in Sources */ = {isa = PBXBuildFile; fileRef = 7D807EBF2BAD256B001E6F3A /* WritingPageVC+TableView.swift */; };
		7D9007B62B846FB3004B6C3C /* Pretendard-Regular.otf in Resources */ = {isa = PBXBuildFile; fileRef = 7D9007AD2B846FB3004B6C3C /* Pretendard-Regular.otf */; };
		7D9007B72B846FB3004B6C3C /* Pretendard-Medium.otf in Resources */ = {isa = PBXBuildFile; fileRef = 7D9007AE2B846FB3004B6C3C /* Pretendard-Medium.otf */; };
		7D9007B82B846FB3004B6C3C /* Pretendard-Light.otf in Resources */ = {isa = PBXBuildFile; fileRef = 7D9007AF2B846FB3004B6C3C /* Pretendard-Light.otf */; };
		7D9007B92B846FB3004B6C3C /* Pretendard-ExtraLight.otf in Resources */ = {isa = PBXBuildFile; fileRef = 7D9007B02B846FB3004B6C3C /* Pretendard-ExtraLight.otf */; };
		7D9007BA2B846FB3004B6C3C /* Pretendard-SemiBold.otf in Resources */ = {isa = PBXBuildFile; fileRef = 7D9007B12B846FB3004B6C3C /* Pretendard-SemiBold.otf */; };
		7D9007BB2B846FB3004B6C3C /* Pretendard-Thin.otf in Resources */ = {isa = PBXBuildFile; fileRef = 7D9007B22B846FB3004B6C3C /* Pretendard-Thin.otf */; };
		7D9007BC2B846FB3004B6C3C /* Pretendard-Bold.otf in Resources */ = {isa = PBXBuildFile; fileRef = 7D9007B32B846FB3004B6C3C /* Pretendard-Bold.otf */; };
		7D9007BD2B846FB3004B6C3C /* Pretendard-Black.otf in Resources */ = {isa = PBXBuildFile; fileRef = 7D9007B42B846FB3004B6C3C /* Pretendard-Black.otf */; };
		7D9007BE2B846FB3004B6C3C /* Pretendard-ExtraBold.otf in Resources */ = {isa = PBXBuildFile; fileRef = 7D9007B52B846FB3004B6C3C /* Pretendard-ExtraBold.otf */; };
		7D9007C72B8474A0004B6C3C /* SUIT-Regular.otf in Resources */ = {isa = PBXBuildFile; fileRef = 7D9007C42B8474A0004B6C3C /* SUIT-Regular.otf */; };
		7D9007C82B8474A0004B6C3C /* SUIT-SemiBold.otf in Resources */ = {isa = PBXBuildFile; fileRef = 7D9007C52B8474A0004B6C3C /* SUIT-SemiBold.otf */; };
		7D9007C92B8474A0004B6C3C /* SUIT-ExtraBold.otf in Resources */ = {isa = PBXBuildFile; fileRef = 7D9007C62B8474A0004B6C3C /* SUIT-ExtraBold.otf */; };
		7D9007CB2B847588004B6C3C /* Fonts+Generated.swift in Sources */ = {isa = PBXBuildFile; fileRef = 7D9007CA2B847588004B6C3C /* Fonts+Generated.swift */; };
		7D9007CE2B847E7D004B6C3C /* HomeView.swift in Sources */ = {isa = PBXBuildFile; fileRef = 7D9007CD2B847E7D004B6C3C /* HomeView.swift */; };
		7D9007D22B84B9B2004B6C3C /* Assets+Generated.swift in Sources */ = {isa = PBXBuildFile; fileRef = 7D9007D12B84B9B2004B6C3C /* Assets+Generated.swift */; };
		7D9007D62B871D76004B6C3C /* TrackingTime.swift in Sources */ = {isa = PBXBuildFile; fileRef = 7D9007D52B871D76004B6C3C /* TrackingTime.swift */; };
		7D9007D82B87511E004B6C3C /* DateFormatter.swift in Sources */ = {isa = PBXBuildFile; fileRef = 7D9007D72B87511E004B6C3C /* DateFormatter.swift */; };
		7D9007DB2B8758DA004B6C3C /* TimerManager.swift in Sources */ = {isa = PBXBuildFile; fileRef = 7D9007DA2B8758DA004B6C3C /* TimerManager.swift */; };
		7D9007DD2B886A06004B6C3C /* UIImage.swift in Sources */ = {isa = PBXBuildFile; fileRef = 7D9007DC2B886A06004B6C3C /* UIImage.swift */; };
		7D9B47DD2B7A2A00003451A2 /* AppDelegate.swift in Sources */ = {isa = PBXBuildFile; fileRef = 7D9B47DC2B7A2A00003451A2 /* AppDelegate.swift */; };
		7D9B47DF2B7A2A00003451A2 /* SceneDelegate.swift in Sources */ = {isa = PBXBuildFile; fileRef = 7D9B47DE2B7A2A00003451A2 /* SceneDelegate.swift */; };
		7D9B47E12B7A2A00003451A2 /* HomeViewController.swift in Sources */ = {isa = PBXBuildFile; fileRef = 7D9B47E02B7A2A00003451A2 /* HomeViewController.swift */; };
		7D9B47E42B7A2A00003451A2 /* Main.storyboard in Resources */ = {isa = PBXBuildFile; fileRef = 7D9B47E22B7A2A00003451A2 /* Main.storyboard */; };
		7D9B47E72B7A2A00003451A2 /* FillTheEgg.xcdatamodeld in Sources */ = {isa = PBXBuildFile; fileRef = 7D9B47E52B7A2A00003451A2 /* FillTheEgg.xcdatamodeld */; };
		7D9B47E92B7A2A02003451A2 /* Assets.xcassets in Resources */ = {isa = PBXBuildFile; fileRef = 7D9B47E82B7A2A02003451A2 /* Assets.xcassets */; };
		7D9B47EC2B7A2A02003451A2 /* LaunchScreen.storyboard in Resources */ = {isa = PBXBuildFile; fileRef = 7D9B47EA2B7A2A02003451A2 /* LaunchScreen.storyboard */; };
		7D9B47FD2B7C4E6C003451A2 /* NameSpace.swift in Sources */ = {isa = PBXBuildFile; fileRef = 7D9B47FC2B7C4E6C003451A2 /* NameSpace.swift */; };
		7D9B47FF2B7CC408003451A2 /* Colors.xcassets in Resources */ = {isa = PBXBuildFile; fileRef = 7D9B47FE2B7CC408003451A2 /* Colors.xcassets */; };
		7D9B48442B80C29C003451A2 /* SwcondViewController.swift in Sources */ = {isa = PBXBuildFile; fileRef = 7D9B48432B80C29C003451A2 /* SwcondViewController.swift */; };
		7D9B48462B80C438003451A2 /* CalendarHomeViewController.swift in Sources */ = {isa = PBXBuildFile; fileRef = 7D9B48452B80C438003451A2 /* CalendarHomeViewController.swift */; };
		7D9B48482B80C470003451A2 /* SettingsViewController.swift in Sources */ = {isa = PBXBuildFile; fileRef = 7D9B48472B80C470003451A2 /* SettingsViewController.swift */; };
		7DCE10E02B96F39B00197635 /* UIImageView.swift in Sources */ = {isa = PBXBuildFile; fileRef = 7DCE10DF2B96F39B00197635 /* UIImageView.swift */; };
		7DCE10E22B97101600197635 /* AttendanceCheckView.swift in Sources */ = {isa = PBXBuildFile; fileRef = 7DCE10E12B97101600197635 /* AttendanceCheckView.swift */; };
		7DCE10E52B972E2D00197635 /* Label.swift in Sources */ = {isa = PBXBuildFile; fileRef = 7DCE10E42B972E2D00197635 /* Label.swift */; };
		7DCE10E72B9731C600197635 /* GratitudejournalView.swift in Sources */ = {isa = PBXBuildFile; fileRef = 7DCE10E62B9731C600197635 /* GratitudejournalView.swift */; };
		7DCE10E92B97329700197635 /* DailyGoalsView.swift in Sources */ = {isa = PBXBuildFile; fileRef = 7DCE10E82B97329700197635 /* DailyGoalsView.swift */; };
		7DCE10EC2B9733B500197635 /* Button.swift in Sources */ = {isa = PBXBuildFile; fileRef = 7DCE10EB2B9733B500197635 /* Button.swift */; };
/* End PBXBuildFile section */

/* Begin PBXFileReference section */
		7D1CF11C2BA07A0500C1807A /* BulletTableViewCell.swift */ = {isa = PBXFileReference; lastKnownFileType = sourcecode.swift; path = BulletTableViewCell.swift; sourceTree = "<group>"; };
		7D4CF9F02BA573A000BC7952 /* AutoResizingTableView.swift */ = {isa = PBXFileReference; lastKnownFileType = sourcecode.swift; path = AutoResizingTableView.swift; sourceTree = "<group>"; };
		7D4CF9F22BA8269500BC7952 /* BulletCheckboxTableViewCell.swift */ = {isa = PBXFileReference; lastKnownFileType = sourcecode.swift; path = BulletCheckboxTableViewCell.swift; sourceTree = "<group>"; };
		7D4CF9F42BA83B2700BC7952 /* CheckBox.swift */ = {isa = PBXFileReference; lastKnownFileType = sourcecode.swift; path = CheckBox.swift; sourceTree = "<group>"; };
		7D4CF9F62BA9280700BC7952 /* HomeVC+Timer.swift */ = {isa = PBXFileReference; lastKnownFileType = sourcecode.swift; path = "HomeVC+Timer.swift"; sourceTree = "<group>"; };
		7D4CF9F82BA9294E00BC7952 /* HomeVC+TableView.swift */ = {isa = PBXFileReference; lastKnownFileType = sourcecode.swift; path = "HomeVC+TableView.swift"; sourceTree = "<group>"; };
		7D4CF9FB2BA92C1800BC7952 /* WritingPageViewController.swift */ = {isa = PBXFileReference; lastKnownFileType = sourcecode.swift; path = WritingPageViewController.swift; sourceTree = "<group>"; };
		7D4CF9FD2BA932CF00BC7952 /* WritingPageView.swift */ = {isa = PBXFileReference; lastKnownFileType = sourcecode.swift; path = WritingPageView.swift; sourceTree = "<group>"; };
		7D4CFA002BA9667B00BC7952 /* BlankView.swift */ = {isa = PBXFileReference; lastKnownFileType = sourcecode.swift; path = BlankView.swift; sourceTree = "<group>"; };
		7D4CFA052BAA49CC00BC7952 /* HomeVC+PHPicker.swift */ = {isa = PBXFileReference; lastKnownFileType = sourcecode.swift; path = "HomeVC+PHPicker.swift"; sourceTree = "<group>"; };
		7D807EB92BAC0B6C001E6F3A /* TextFieldView.swift */ = {isa = PBXFileReference; lastKnownFileType = sourcecode.swift; path = TextFieldView.swift; sourceTree = "<group>"; };
		7D807EBB2BAC62BD001E6F3A /* UIViewController.swift */ = {isa = PBXFileReference; lastKnownFileType = sourcecode.swift; path = UIViewController.swift; sourceTree = "<group>"; };
		7D807EBD2BAD222C001E6F3A /* BulletWithDeleteButtonTableViewCell.swift */ = {isa = PBXFileReference; lastKnownFileType = sourcecode.swift; path = BulletWithDeleteButtonTableViewCell.swift; sourceTree = "<group>"; };
		7D807EBF2BAD256B001E6F3A /* WritingPageVC+TableView.swift */ = {isa = PBXFileReference; lastKnownFileType = sourcecode.swift; path = "WritingPageVC+TableView.swift"; sourceTree = "<group>"; };
		7D9007AD2B846FB3004B6C3C /* Pretendard-Regular.otf */ = {isa = PBXFileReference; lastKnownFileType = file; path = "Pretendard-Regular.otf"; sourceTree = "<group>"; };
		7D9007AE2B846FB3004B6C3C /* Pretendard-Medium.otf */ = {isa = PBXFileReference; lastKnownFileType = file; path = "Pretendard-Medium.otf"; sourceTree = "<group>"; };
		7D9007AF2B846FB3004B6C3C /* Pretendard-Light.otf */ = {isa = PBXFileReference; lastKnownFileType = file; path = "Pretendard-Light.otf"; sourceTree = "<group>"; };
		7D9007B02B846FB3004B6C3C /* Pretendard-ExtraLight.otf */ = {isa = PBXFileReference; lastKnownFileType = file; path = "Pretendard-ExtraLight.otf"; sourceTree = "<group>"; };
		7D9007B12B846FB3004B6C3C /* Pretendard-SemiBold.otf */ = {isa = PBXFileReference; lastKnownFileType = file; path = "Pretendard-SemiBold.otf"; sourceTree = "<group>"; };
		7D9007B22B846FB3004B6C3C /* Pretendard-Thin.otf */ = {isa = PBXFileReference; lastKnownFileType = file; path = "Pretendard-Thin.otf"; sourceTree = "<group>"; };
		7D9007B32B846FB3004B6C3C /* Pretendard-Bold.otf */ = {isa = PBXFileReference; lastKnownFileType = file; path = "Pretendard-Bold.otf"; sourceTree = "<group>"; };
		7D9007B42B846FB3004B6C3C /* Pretendard-Black.otf */ = {isa = PBXFileReference; lastKnownFileType = file; path = "Pretendard-Black.otf"; sourceTree = "<group>"; };
		7D9007B52B846FB3004B6C3C /* Pretendard-ExtraBold.otf */ = {isa = PBXFileReference; lastKnownFileType = file; path = "Pretendard-ExtraBold.otf"; sourceTree = "<group>"; };
		7D9007C42B8474A0004B6C3C /* SUIT-Regular.otf */ = {isa = PBXFileReference; lastKnownFileType = file; path = "SUIT-Regular.otf"; sourceTree = "<group>"; };
		7D9007C52B8474A0004B6C3C /* SUIT-SemiBold.otf */ = {isa = PBXFileReference; lastKnownFileType = file; path = "SUIT-SemiBold.otf"; sourceTree = "<group>"; };
		7D9007C62B8474A0004B6C3C /* SUIT-ExtraBold.otf */ = {isa = PBXFileReference; lastKnownFileType = file; path = "SUIT-ExtraBold.otf"; sourceTree = "<group>"; };
		7D9007CA2B847588004B6C3C /* Fonts+Generated.swift */ = {isa = PBXFileReference; fileEncoding = 4; lastKnownFileType = sourcecode.swift; path = "Fonts+Generated.swift"; sourceTree = "<group>"; };
		7D9007CD2B847E7D004B6C3C /* HomeView.swift */ = {isa = PBXFileReference; lastKnownFileType = sourcecode.swift; path = HomeView.swift; sourceTree = "<group>"; };
		7D9007D12B84B9B2004B6C3C /* Assets+Generated.swift */ = {isa = PBXFileReference; fileEncoding = 4; lastKnownFileType = sourcecode.swift; path = "Assets+Generated.swift"; sourceTree = "<group>"; };
		7D9007D52B871D76004B6C3C /* TrackingTime.swift */ = {isa = PBXFileReference; lastKnownFileType = sourcecode.swift; path = TrackingTime.swift; sourceTree = "<group>"; };
		7D9007D72B87511E004B6C3C /* DateFormatter.swift */ = {isa = PBXFileReference; lastKnownFileType = sourcecode.swift; path = DateFormatter.swift; sourceTree = "<group>"; };
		7D9007DA2B8758DA004B6C3C /* TimerManager.swift */ = {isa = PBXFileReference; lastKnownFileType = sourcecode.swift; path = TimerManager.swift; sourceTree = "<group>"; };
		7D9007DC2B886A06004B6C3C /* UIImage.swift */ = {isa = PBXFileReference; lastKnownFileType = sourcecode.swift; path = UIImage.swift; sourceTree = "<group>"; };
		7D9B47D92B7A2A00003451A2 /* FillTheEgg.app */ = {isa = PBXFileReference; explicitFileType = wrapper.application; includeInIndex = 0; path = FillTheEgg.app; sourceTree = BUILT_PRODUCTS_DIR; };
		7D9B47DC2B7A2A00003451A2 /* AppDelegate.swift */ = {isa = PBXFileReference; lastKnownFileType = sourcecode.swift; path = AppDelegate.swift; sourceTree = "<group>"; };
		7D9B47DE2B7A2A00003451A2 /* SceneDelegate.swift */ = {isa = PBXFileReference; lastKnownFileType = sourcecode.swift; path = SceneDelegate.swift; sourceTree = "<group>"; };
		7D9B47E02B7A2A00003451A2 /* HomeViewController.swift */ = {isa = PBXFileReference; lastKnownFileType = sourcecode.swift; path = HomeViewController.swift; sourceTree = "<group>"; };
		7D9B47E32B7A2A00003451A2 /* Base */ = {isa = PBXFileReference; lastKnownFileType = file.storyboard; name = Base; path = Base.lproj/Main.storyboard; sourceTree = "<group>"; };
		7D9B47E62B7A2A00003451A2 /* FillTheEgg.xcdatamodel */ = {isa = PBXFileReference; lastKnownFileType = wrapper.xcdatamodel; path = FillTheEgg.xcdatamodel; sourceTree = "<group>"; };
		7D9B47E82B7A2A02003451A2 /* Assets.xcassets */ = {isa = PBXFileReference; lastKnownFileType = folder.assetcatalog; path = Assets.xcassets; sourceTree = "<group>"; };
		7D9B47EB2B7A2A02003451A2 /* Base */ = {isa = PBXFileReference; lastKnownFileType = file.storyboard; name = Base; path = Base.lproj/LaunchScreen.storyboard; sourceTree = "<group>"; };
		7D9B47ED2B7A2A02003451A2 /* Info.plist */ = {isa = PBXFileReference; lastKnownFileType = text.plist.xml; path = Info.plist; sourceTree = "<group>"; };
		7D9B47FC2B7C4E6C003451A2 /* NameSpace.swift */ = {isa = PBXFileReference; lastKnownFileType = sourcecode.swift; path = NameSpace.swift; sourceTree = "<group>"; };
		7D9B47FE2B7CC408003451A2 /* Colors.xcassets */ = {isa = PBXFileReference; lastKnownFileType = folder.assetcatalog; path = Colors.xcassets; sourceTree = "<group>"; };
		7D9B48432B80C29C003451A2 /* SwcondViewController.swift */ = {isa = PBXFileReference; lastKnownFileType = sourcecode.swift; path = SwcondViewController.swift; sourceTree = "<group>"; };
		7D9B48452B80C438003451A2 /* CalendarHomeViewController.swift */ = {isa = PBXFileReference; lastKnownFileType = sourcecode.swift; path = CalendarHomeViewController.swift; sourceTree = "<group>"; };
		7D9B48472B80C470003451A2 /* SettingsViewController.swift */ = {isa = PBXFileReference; lastKnownFileType = sourcecode.swift; path = SettingsViewController.swift; sourceTree = "<group>"; };
		7DCE10DF2B96F39B00197635 /* UIImageView.swift */ = {isa = PBXFileReference; lastKnownFileType = sourcecode.swift; path = UIImageView.swift; sourceTree = "<group>"; };
		7DCE10E12B97101600197635 /* AttendanceCheckView.swift */ = {isa = PBXFileReference; lastKnownFileType = sourcecode.swift; path = AttendanceCheckView.swift; sourceTree = "<group>"; };
		7DCE10E42B972E2D00197635 /* Label.swift */ = {isa = PBXFileReference; lastKnownFileType = sourcecode.swift; path = Label.swift; sourceTree = "<group>"; };
		7DCE10E62B9731C600197635 /* GratitudejournalView.swift */ = {isa = PBXFileReference; lastKnownFileType = sourcecode.swift; path = GratitudejournalView.swift; sourceTree = "<group>"; };
		7DCE10E82B97329700197635 /* DailyGoalsView.swift */ = {isa = PBXFileReference; lastKnownFileType = sourcecode.swift; path = DailyGoalsView.swift; sourceTree = "<group>"; };
		7DCE10EB2B9733B500197635 /* Button.swift */ = {isa = PBXFileReference; lastKnownFileType = sourcecode.swift; path = Button.swift; sourceTree = "<group>"; };
/* End PBXFileReference section */

/* Begin PBXFrameworksBuildPhase section */
		7D9B47D62B7A2A00003451A2 /* Frameworks */ = {
			isa = PBXFrameworksBuildPhase;
			buildActionMask = 2147483647;
			files = (
			);
			runOnlyForDeploymentPostprocessing = 0;
		};
/* End PBXFrameworksBuildPhase section */

/* Begin PBXGroup section */
		7D1CF11B2BA079D200C1807A /* TableViewCell */ = {
			isa = PBXGroup;
			children = (
				7D1CF11C2BA07A0500C1807A /* BulletTableViewCell.swift */,
				7D4CF9F22BA8269500BC7952 /* BulletCheckboxTableViewCell.swift */,
				7D807EBD2BAD222C001E6F3A /* BulletWithDeleteButtonTableViewCell.swift */,
			);
			path = TableViewCell;
			sourceTree = "<group>";
		};
		7D4CF9EF2BA5738C00BC7952 /* UITableVIew */ = {
			isa = PBXGroup;
			children = (
				7D4CF9F02BA573A000BC7952 /* AutoResizingTableView.swift */,
			);
			path = UITableVIew;
			sourceTree = "<group>";
		};
		7D4CF9FA2BA92BA300BC7952 /* Writing */ = {
			isa = PBXGroup;
			children = (
				7D4CF9FB2BA92C1800BC7952 /* WritingPageViewController.swift */,
				7D4CF9FD2BA932CF00BC7952 /* WritingPageView.swift */,
				7D807EBF2BAD256B001E6F3A /* WritingPageVC+TableView.swift */,
			);
			path = Writing;
			sourceTree = "<group>";
		};
		7D4CF9FF2BA9666100BC7952 /* View */ = {
			isa = PBXGroup;
			children = (
				7D807EB92BAC0B6C001E6F3A /* TextFieldView.swift */,
				7D4CFA002BA9667B00BC7952 /* BlankView.swift */,
			);
			path = View;
			sourceTree = "<group>";
		};
		7D807EB82BAC0B4D001E6F3A /* TextField */ = {
			isa = PBXGroup;
			children = (
			);
			path = TextField;
			sourceTree = "<group>";
		};
		7D90074D2B8361C1004B6C3C /* Pretendard */ = {
			isa = PBXGroup;
			children = (
				7D9007B42B846FB3004B6C3C /* Pretendard-Black.otf */,
				7D9007B32B846FB3004B6C3C /* Pretendard-Bold.otf */,
				7D9007B52B846FB3004B6C3C /* Pretendard-ExtraBold.otf */,
				7D9007B02B846FB3004B6C3C /* Pretendard-ExtraLight.otf */,
				7D9007AF2B846FB3004B6C3C /* Pretendard-Light.otf */,
				7D9007AE2B846FB3004B6C3C /* Pretendard-Medium.otf */,
				7D9007AD2B846FB3004B6C3C /* Pretendard-Regular.otf */,
				7D9007B12B846FB3004B6C3C /* Pretendard-SemiBold.otf */,
				7D9007B22B846FB3004B6C3C /* Pretendard-Thin.otf */,
			);
			path = Pretendard;
			sourceTree = "<group>";
		};
		7D9007C32B847492004B6C3C /* Suit */ = {
			isa = PBXGroup;
			children = (
				7D9007C62B8474A0004B6C3C /* SUIT-ExtraBold.otf */,
				7D9007C42B8474A0004B6C3C /* SUIT-Regular.otf */,
				7D9007C52B8474A0004B6C3C /* SUIT-SemiBold.otf */,
			);
			path = Suit;
			sourceTree = "<group>";
		};
		7D9007CC2B847E63004B6C3C /* MainHome */ = {
			isa = PBXGroup;
			children = (
				7D4CFA052BAA49CC00BC7952 /* HomeVC+PHPicker.swift */,
				7D4CF9F82BA9294E00BC7952 /* HomeVC+TableView.swift */,
				7D4CF9F62BA9280700BC7952 /* HomeVC+Timer.swift */,
				7D9B47E02B7A2A00003451A2 /* HomeViewController.swift */,
				7D9007CD2B847E7D004B6C3C /* HomeView.swift */,
				7DCE10E12B97101600197635 /* AttendanceCheckView.swift */,
				7DCE10E62B9731C600197635 /* GratitudejournalView.swift */,
				7DCE10E82B97329700197635 /* DailyGoalsView.swift */,
			);
			path = MainHome;
			sourceTree = "<group>";
		};
		7D9007D32B871CFC004B6C3C /* UIComponent */ = {
			isa = PBXGroup;
			children = (
				7D807EB82BAC0B4D001E6F3A /* TextField */,
				7D4CF9FF2BA9666100BC7952 /* View */,
				7D1CF11B2BA079D200C1807A /* TableViewCell */,
				7DCE10EA2B97339400197635 /* Button */,
				7DCE10E32B972DB200197635 /* Label */,
			);
			path = UIComponent;
			sourceTree = "<group>";
		};
		7D9007D42B871D49004B6C3C /* TrackingTime */ = {
			isa = PBXGroup;
			children = (
				7D9007D92B8758C4004B6C3C /* Models */,
			);
			path = TrackingTime;
			sourceTree = "<group>";
		};
		7D9007D92B8758C4004B6C3C /* Models */ = {
			isa = PBXGroup;
			children = (
				7D9007D52B871D76004B6C3C /* TrackingTime.swift */,
				7D9007DA2B8758DA004B6C3C /* TimerManager.swift */,
			);
			name = Models;
			sourceTree = "<group>";
		};
		7D9B47D02B7A2A00003451A2 = {
			isa = PBXGroup;
			children = (
				7D9B47DB2B7A2A00003451A2 /* FillTheEgg */,
				7D9B47DA2B7A2A00003451A2 /* Products */,
			);
			sourceTree = "<group>";
		};
		7D9B47DA2B7A2A00003451A2 /* Products */ = {
			isa = PBXGroup;
			children = (
				7D9B47D92B7A2A00003451A2 /* FillTheEgg.app */,
			);
			name = Products;
			sourceTree = "<group>";
		};
		7D9B47DB2B7A2A00003451A2 /* FillTheEgg */ = {
			isa = PBXGroup;
			children = (
				7D9B47ED2B7A2A02003451A2 /* Info.plist */,
				7D9B47F32B7C4BB8003451A2 /* Essential */,
				7D9B47F92B7C4E25003451A2 /* Resource */,
				7D9B47F42B7C4BC6003451A2 /* Lifecycle */,
				7D9B47F52B7C4BDA003451A2 /* Common */,
				7D9007D32B871CFC004B6C3C /* UIComponent */,
				7D9B47F62B7C4BE8003451A2 /* Module */,
			);
			path = FillTheEgg;
			sourceTree = "<group>";
		};
		7D9B47F32B7C4BB8003451A2 /* Essential */ = {
			isa = PBXGroup;
			children = (
				7D9B47E22B7A2A00003451A2 /* Main.storyboard */,
				7D9B47EA2B7A2A02003451A2 /* LaunchScreen.storyboard */,
			);
			path = Essential;
			sourceTree = "<group>";
		};
		7D9B47F42B7C4BC6003451A2 /* Lifecycle */ = {
			isa = PBXGroup;
			children = (
				7D9B47DC2B7A2A00003451A2 /* AppDelegate.swift */,
				7D9B47DE2B7A2A00003451A2 /* SceneDelegate.swift */,
			);
			path = Lifecycle;
			sourceTree = "<group>";
		};
		7D9B47F52B7C4BDA003451A2 /* Common */ = {
			isa = PBXGroup;
			children = (
				7DCE10DE2B96F37D00197635 /* Inheritance */,
				7D9B47FA2B7C4E41003451A2 /* File */,
				7D9B48302B7F7279003451A2 /* SwiftGen */,
				7D9B47F72B7C4C8E003451A2 /* CoreData */,
				7D9B47F82B7C4E17003451A2 /* Extension */,
			);
			path = Common;
			sourceTree = "<group>";
		};
		7D9B47F62B7C4BE8003451A2 /* Module */ = {
			isa = PBXGroup;
			children = (
				7D4CF9FA2BA92BA300BC7952 /* Writing */,
				7D9007D42B871D49004B6C3C /* TrackingTime */,
				7D9007CC2B847E63004B6C3C /* MainHome */,
				7D9B48432B80C29C003451A2 /* SwcondViewController.swift */,
				7D9B48452B80C438003451A2 /* CalendarHomeViewController.swift */,
				7D9B48472B80C470003451A2 /* SettingsViewController.swift */,
			);
			path = Module;
			sourceTree = "<group>";
		};
		7D9B47F72B7C4C8E003451A2 /* CoreData */ = {
			isa = PBXGroup;
			children = (
				7D9B47E52B7A2A00003451A2 /* FillTheEgg.xcdatamodeld */,
			);
			path = CoreData;
			sourceTree = "<group>";
		};
		7D9B47F82B7C4E17003451A2 /* Extension */ = {
			isa = PBXGroup;
			children = (
				7D9007D72B87511E004B6C3C /* DateFormatter.swift */,
				7D9007DC2B886A06004B6C3C /* UIImage.swift */,
				7D807EBB2BAC62BD001E6F3A /* UIViewController.swift */,
			);
			path = Extension;
			sourceTree = "<group>";
		};
		7D9B47F92B7C4E25003451A2 /* Resource */ = {
			isa = PBXGroup;
			children = (
				7D9B47FB2B7C4E47003451A2 /* Font */,
				7D9B47FE2B7CC408003451A2 /* Colors.xcassets */,
				7D9B47E82B7A2A02003451A2 /* Assets.xcassets */,
			);
			path = Resource;
			sourceTree = "<group>";
		};
		7D9B47FA2B7C4E41003451A2 /* File */ = {
			isa = PBXGroup;
			children = (
				7D9B47FC2B7C4E6C003451A2 /* NameSpace.swift */,
			);
			path = File;
			sourceTree = "<group>";
		};
		7D9B47FB2B7C4E47003451A2 /* Font */ = {
			isa = PBXGroup;
			children = (
				7D9007C32B847492004B6C3C /* Suit */,
				7D90074D2B8361C1004B6C3C /* Pretendard */,
			);
			path = Font;
			sourceTree = "<group>";
		};
		7D9B48302B7F7279003451A2 /* SwiftGen */ = {
			isa = PBXGroup;
			children = (
				7D9B48322B7F73F0003451A2 /* Generated */,
			);
			path = SwiftGen;
			sourceTree = "<group>";
		};
		7D9B48322B7F73F0003451A2 /* Generated */ = {
			isa = PBXGroup;
			children = (
				7D9007D12B84B9B2004B6C3C /* Assets+Generated.swift */,
				7D9007CA2B847588004B6C3C /* Fonts+Generated.swift */,
			);
			path = Generated;
			sourceTree = "<group>";
		};
		7DCE10DE2B96F37D00197635 /* Inheritance */ = {
			isa = PBXGroup;
			children = (
				7D4CF9EF2BA5738C00BC7952 /* UITableVIew */,
				7DCE10DF2B96F39B00197635 /* UIImageView.swift */,
			);
			path = Inheritance;
			sourceTree = "<group>";
		};
		7DCE10E32B972DB200197635 /* Label */ = {
			isa = PBXGroup;
			children = (
				7DCE10E42B972E2D00197635 /* Label.swift */,
			);
			path = Label;
			sourceTree = "<group>";
		};
		7DCE10EA2B97339400197635 /* Button */ = {
			isa = PBXGroup;
			children = (
				7DCE10EB2B9733B500197635 /* Button.swift */,
				7D4CF9F42BA83B2700BC7952 /* CheckBox.swift */,
			);
			path = Button;
			sourceTree = "<group>";
		};
/* End PBXGroup section */

/* Begin PBXNativeTarget section */
		7D9B47D82B7A2A00003451A2 /* FillTheEgg */ = {
			isa = PBXNativeTarget;
			buildConfigurationList = 7D9B47F02B7A2A02003451A2 /* Build configuration list for PBXNativeTarget "FillTheEgg" */;
			buildPhases = (
				7D9B47D52B7A2A00003451A2 /* Sources */,
				7D9B47D62B7A2A00003451A2 /* Frameworks */,
				7D9B47D72B7A2A00003451A2 /* Resources */,
				7D9B48422B807FDC003451A2 /* Swiftgen Script */,
			);
			buildRules = (
			);
			dependencies = (
			);
			name = FillTheEgg;
			productName = FillTheEgg;
			productReference = 7D9B47D92B7A2A00003451A2 /* FillTheEgg.app */;
			productType = "com.apple.product-type.application";
		};
/* End PBXNativeTarget section */

/* Begin PBXProject section */
		7D9B47D12B7A2A00003451A2 /* Project object */ = {
			isa = PBXProject;
			attributes = {
				BuildIndependentTargetsInParallel = 1;
				LastSwiftUpdateCheck = 1430;
				LastUpgradeCheck = 1430;
				TargetAttributes = {
					7D9B47D82B7A2A00003451A2 = {
						CreatedOnToolsVersion = 14.3.1;
					};
				};
			};
			buildConfigurationList = 7D9B47D42B7A2A00003451A2 /* Build configuration list for PBXProject "FillTheEgg" */;
			compatibilityVersion = "Xcode 14.0";
			developmentRegion = en;
			hasScannedForEncodings = 0;
			knownRegions = (
				en,
				Base,
			);
			mainGroup = 7D9B47D02B7A2A00003451A2;
			productRefGroup = 7D9B47DA2B7A2A00003451A2 /* Products */;
			projectDirPath = "";
			projectRoot = "";
			targets = (
				7D9B47D82B7A2A00003451A2 /* FillTheEgg */,
			);
		};
/* End PBXProject section */

/* Begin PBXResourcesBuildPhase section */
		7D9B47D72B7A2A00003451A2 /* Resources */ = {
			isa = PBXResourcesBuildPhase;
			buildActionMask = 2147483647;
			files = (
				7D9007C92B8474A0004B6C3C /* SUIT-ExtraBold.otf in Resources */,
				7D9007BC2B846FB3004B6C3C /* Pretendard-Bold.otf in Resources */,
				7D9B47EC2B7A2A02003451A2 /* LaunchScreen.storyboard in Resources */,
				7D9007BE2B846FB3004B6C3C /* Pretendard-ExtraBold.otf in Resources */,
				7D9007C82B8474A0004B6C3C /* SUIT-SemiBold.otf in Resources */,
				7D9B47FF2B7CC408003451A2 /* Colors.xcassets in Resources */,
				7D9B47E92B7A2A02003451A2 /* Assets.xcassets in Resources */,
				7D9007C72B8474A0004B6C3C /* SUIT-Regular.otf in Resources */,
				7D9007B82B846FB3004B6C3C /* Pretendard-Light.otf in Resources */,
				7D9007BB2B846FB3004B6C3C /* Pretendard-Thin.otf in Resources */,
				7D9B47E42B7A2A00003451A2 /* Main.storyboard in Resources */,
				7D9007B72B846FB3004B6C3C /* Pretendard-Medium.otf in Resources */,
				7D9007B62B846FB3004B6C3C /* Pretendard-Regular.otf in Resources */,
				7D9007BA2B846FB3004B6C3C /* Pretendard-SemiBold.otf in Resources */,
				7D9007B92B846FB3004B6C3C /* Pretendard-ExtraLight.otf in Resources */,
				7D9007BD2B846FB3004B6C3C /* Pretendard-Black.otf in Resources */,
			);
			runOnlyForDeploymentPostprocessing = 0;
		};
/* End PBXResourcesBuildPhase section */

/* Begin PBXShellScriptBuildPhase section */
		7D9B48422B807FDC003451A2 /* Swiftgen Script */ = {
			isa = PBXShellScriptBuildPhase;
			buildActionMask = 2147483647;
			files = (
			);
			inputFileListPaths = (
			);
			inputPaths = (
			);
			name = "Swiftgen Script";
			outputFileListPaths = (
			);
			outputPaths = (
			);
			runOnlyForDeploymentPostprocessing = 0;
			shellPath = /bin/sh;
			shellScript = "# Type a script or drag a script file from your workspace to insert its path.\nswiftgen config run\n\n";
		};
/* End PBXShellScriptBuildPhase section */

/* Begin PBXSourcesBuildPhase section */
		7D9B47D52B7A2A00003451A2 /* Sources */ = {
			isa = PBXSourcesBuildPhase;
			buildActionMask = 2147483647;
			files = (
				7D9B47E12B7A2A00003451A2 /* HomeViewController.swift in Sources */,
				7D4CF9F72BA9280700BC7952 /* HomeVC+Timer.swift in Sources */,
				7D9B47DD2B7A2A00003451A2 /* AppDelegate.swift in Sources */,
				7D9B48462B80C438003451A2 /* CalendarHomeViewController.swift in Sources */,
				7D9007D22B84B9B2004B6C3C /* Assets+Generated.swift in Sources */,
				7D4CF9F52BA83B2700BC7952 /* CheckBox.swift in Sources */,
				7D9007D82B87511E004B6C3C /* DateFormatter.swift in Sources */,
				7D9007DB2B8758DA004B6C3C /* TimerManager.swift in Sources */,
				7D807EC02BAD256B001E6F3A /* WritingPageVC+TableView.swift in Sources */,
				7D4CF9F12BA573A000BC7952 /* AutoResizingTableView.swift in Sources */,
				7DCE10E22B97101600197635 /* AttendanceCheckView.swift in Sources */,
				7DCE10EC2B9733B500197635 /* Button.swift in Sources */,
				7DCE10E92B97329700197635 /* DailyGoalsView.swift in Sources */,
				7D1CF11D2BA07A0500C1807A /* BulletTableViewCell.swift in Sources */,
				7D9007DD2B886A06004B6C3C /* UIImage.swift in Sources */,
				7D807EBC2BAC62BD001E6F3A /* UIViewController.swift in Sources */,
				7D9B47E72B7A2A00003451A2 /* FillTheEgg.xcdatamodeld in Sources */,
				7D4CF9FE2BA932CF00BC7952 /* WritingPageView.swift in Sources */,
				7D4CFA012BA9667B00BC7952 /* BlankView.swift in Sources */,
				7DCE10E02B96F39B00197635 /* UIImageView.swift in Sources */,
				7DCE10E72B9731C600197635 /* GratitudejournalView.swift in Sources */,
				7D807EBA2BAC0B6C001E6F3A /* TextFieldView.swift in Sources */,
				7D9B47FD2B7C4E6C003451A2 /* NameSpace.swift in Sources */,
				7D4CF9FC2BA92C1800BC7952 /* WritingPageViewController.swift in Sources */,
				7D4CFA062BAA49CC00BC7952 /* HomeVC+PHPicker.swift in Sources */,
				7D9007CE2B847E7D004B6C3C /* HomeView.swift in Sources */,
				7D9B48442B80C29C003451A2 /* SwcondViewController.swift in Sources */,
				7D4CF9F32BA8269500BC7952 /* BulletCheckboxTableViewCell.swift in Sources */,
				7D9B47DF2B7A2A00003451A2 /* SceneDelegate.swift in Sources */,
				7DCE10E52B972E2D00197635 /* Label.swift in Sources */,
				7D4CF9F92BA9294E00BC7952 /* HomeVC+TableView.swift in Sources */,
				7D807EBE2BAD222C001E6F3A /* BulletWithDeleteButtonTableViewCell.swift in Sources */,
				7D9007CB2B847588004B6C3C /* Fonts+Generated.swift in Sources */,
				7D9B48482B80C470003451A2 /* SettingsViewController.swift in Sources */,
				7D9007D62B871D76004B6C3C /* TrackingTime.swift in Sources */,
			);
			runOnlyForDeploymentPostprocessing = 0;
		};
/* End PBXSourcesBuildPhase section */

/* Begin PBXVariantGroup section */
		7D9B47E22B7A2A00003451A2 /* Main.storyboard */ = {
			isa = PBXVariantGroup;
			children = (
				7D9B47E32B7A2A00003451A2 /* Base */,
			);
			name = Main.storyboard;
			sourceTree = "<group>";
		};
		7D9B47EA2B7A2A02003451A2 /* LaunchScreen.storyboard */ = {
			isa = PBXVariantGroup;
			children = (
				7D9B47EB2B7A2A02003451A2 /* Base */,
			);
			name = LaunchScreen.storyboard;
			sourceTree = "<group>";
		};
/* End PBXVariantGroup section */

/* Begin XCBuildConfiguration section */
		7D9B47EE2B7A2A02003451A2 /* Debug */ = {
			isa = XCBuildConfiguration;
			buildSettings = {
				ALWAYS_SEARCH_USER_PATHS = NO;
				CLANG_ANALYZER_NONNULL = YES;
				CLANG_ANALYZER_NUMBER_OBJECT_CONVERSION = YES_AGGRESSIVE;
				CLANG_CXX_LANGUAGE_STANDARD = "gnu++20";
				CLANG_ENABLE_MODULES = YES;
				CLANG_ENABLE_OBJC_ARC = YES;
				CLANG_ENABLE_OBJC_WEAK = YES;
				CLANG_WARN_BLOCK_CAPTURE_AUTORELEASING = YES;
				CLANG_WARN_BOOL_CONVERSION = YES;
				CLANG_WARN_COMMA = YES;
				CLANG_WARN_CONSTANT_CONVERSION = YES;
				CLANG_WARN_DEPRECATED_OBJC_IMPLEMENTATIONS = YES;
				CLANG_WARN_DIRECT_OBJC_ISA_USAGE = YES_ERROR;
				CLANG_WARN_DOCUMENTATION_COMMENTS = YES;
				CLANG_WARN_EMPTY_BODY = YES;
				CLANG_WARN_ENUM_CONVERSION = YES;
				CLANG_WARN_INFINITE_RECURSION = YES;
				CLANG_WARN_INT_CONVERSION = YES;
				CLANG_WARN_NON_LITERAL_NULL_CONVERSION = YES;
				CLANG_WARN_OBJC_IMPLICIT_RETAIN_SELF = YES;
				CLANG_WARN_OBJC_LITERAL_CONVERSION = YES;
				CLANG_WARN_OBJC_ROOT_CLASS = YES_ERROR;
				CLANG_WARN_QUOTED_INCLUDE_IN_FRAMEWORK_HEADER = YES;
				CLANG_WARN_RANGE_LOOP_ANALYSIS = YES;
				CLANG_WARN_STRICT_PROTOTYPES = YES;
				CLANG_WARN_SUSPICIOUS_MOVE = YES;
				CLANG_WARN_UNGUARDED_AVAILABILITY = YES_AGGRESSIVE;
				CLANG_WARN_UNREACHABLE_CODE = YES;
				CLANG_WARN__DUPLICATE_METHOD_MATCH = YES;
				COPY_PHASE_STRIP = NO;
				DEBUG_INFORMATION_FORMAT = dwarf;
				ENABLE_STRICT_OBJC_MSGSEND = YES;
				ENABLE_TESTABILITY = YES;
				GCC_C_LANGUAGE_STANDARD = gnu11;
				GCC_DYNAMIC_NO_PIC = NO;
				GCC_NO_COMMON_BLOCKS = YES;
				GCC_OPTIMIZATION_LEVEL = 0;
				GCC_PREPROCESSOR_DEFINITIONS = (
					"DEBUG=1",
					"$(inherited)",
				);
				GCC_WARN_64_TO_32_BIT_CONVERSION = YES;
				GCC_WARN_ABOUT_RETURN_TYPE = YES_ERROR;
				GCC_WARN_UNDECLARED_SELECTOR = YES;
				GCC_WARN_UNINITIALIZED_AUTOS = YES_AGGRESSIVE;
				GCC_WARN_UNUSED_FUNCTION = YES;
				GCC_WARN_UNUSED_VARIABLE = YES;
				IPHONEOS_DEPLOYMENT_TARGET = 16.4;
				MTL_ENABLE_DEBUG_INFO = INCLUDE_SOURCE;
				MTL_FAST_MATH = YES;
				ONLY_ACTIVE_ARCH = YES;
				SDKROOT = iphoneos;
				SWIFT_ACTIVE_COMPILATION_CONDITIONS = DEBUG;
				SWIFT_OPTIMIZATION_LEVEL = "-Onone";
			};
			name = Debug;
		};
		7D9B47EF2B7A2A02003451A2 /* Release */ = {
			isa = XCBuildConfiguration;
			buildSettings = {
				ALWAYS_SEARCH_USER_PATHS = NO;
				CLANG_ANALYZER_NONNULL = YES;
				CLANG_ANALYZER_NUMBER_OBJECT_CONVERSION = YES_AGGRESSIVE;
				CLANG_CXX_LANGUAGE_STANDARD = "gnu++20";
				CLANG_ENABLE_MODULES = YES;
				CLANG_ENABLE_OBJC_ARC = YES;
				CLANG_ENABLE_OBJC_WEAK = YES;
				CLANG_WARN_BLOCK_CAPTURE_AUTORELEASING = YES;
				CLANG_WARN_BOOL_CONVERSION = YES;
				CLANG_WARN_COMMA = YES;
				CLANG_WARN_CONSTANT_CONVERSION = YES;
				CLANG_WARN_DEPRECATED_OBJC_IMPLEMENTATIONS = YES;
				CLANG_WARN_DIRECT_OBJC_ISA_USAGE = YES_ERROR;
				CLANG_WARN_DOCUMENTATION_COMMENTS = YES;
				CLANG_WARN_EMPTY_BODY = YES;
				CLANG_WARN_ENUM_CONVERSION = YES;
				CLANG_WARN_INFINITE_RECURSION = YES;
				CLANG_WARN_INT_CONVERSION = YES;
				CLANG_WARN_NON_LITERAL_NULL_CONVERSION = YES;
				CLANG_WARN_OBJC_IMPLICIT_RETAIN_SELF = YES;
				CLANG_WARN_OBJC_LITERAL_CONVERSION = YES;
				CLANG_WARN_OBJC_ROOT_CLASS = YES_ERROR;
				CLANG_WARN_QUOTED_INCLUDE_IN_FRAMEWORK_HEADER = YES;
				CLANG_WARN_RANGE_LOOP_ANALYSIS = YES;
				CLANG_WARN_STRICT_PROTOTYPES = YES;
				CLANG_WARN_SUSPICIOUS_MOVE = YES;
				CLANG_WARN_UNGUARDED_AVAILABILITY = YES_AGGRESSIVE;
				CLANG_WARN_UNREACHABLE_CODE = YES;
				CLANG_WARN__DUPLICATE_METHOD_MATCH = YES;
				COPY_PHASE_STRIP = NO;
				DEBUG_INFORMATION_FORMAT = "dwarf-with-dsym";
				ENABLE_NS_ASSERTIONS = NO;
				ENABLE_STRICT_OBJC_MSGSEND = YES;
				GCC_C_LANGUAGE_STANDARD = gnu11;
				GCC_NO_COMMON_BLOCKS = YES;
				GCC_WARN_64_TO_32_BIT_CONVERSION = YES;
				GCC_WARN_ABOUT_RETURN_TYPE = YES_ERROR;
				GCC_WARN_UNDECLARED_SELECTOR = YES;
				GCC_WARN_UNINITIALIZED_AUTOS = YES_AGGRESSIVE;
				GCC_WARN_UNUSED_FUNCTION = YES;
				GCC_WARN_UNUSED_VARIABLE = YES;
				IPHONEOS_DEPLOYMENT_TARGET = 16.4;
				MTL_ENABLE_DEBUG_INFO = NO;
				MTL_FAST_MATH = YES;
				SDKROOT = iphoneos;
				SWIFT_COMPILATION_MODE = wholemodule;
				SWIFT_OPTIMIZATION_LEVEL = "-O";
				VALIDATE_PRODUCT = YES;
			};
			name = Release;
		};
		7D9B47F12B7A2A02003451A2 /* Debug */ = {
			isa = XCBuildConfiguration;
			buildSettings = {
				ASSETCATALOG_COMPILER_APPICON_NAME = AppIcon;
				ASSETCATALOG_COMPILER_GLOBAL_ACCENT_COLOR_NAME = AccentColor;
				CODE_SIGN_STYLE = Automatic;
				CURRENT_PROJECT_VERSION = 1;
				DEVELOPMENT_TEAM = 5B4DDA3JD6;
				GENERATE_INFOPLIST_FILE = YES;
				INFOPLIST_FILE = FillTheEgg/Info.plist;
				INFOPLIST_KEY_CFBundleDisplayName = "";
				INFOPLIST_KEY_LSApplicationCategoryType = "";
				INFOPLIST_KEY_UIApplicationSupportsIndirectInputEvents = YES;
				INFOPLIST_KEY_UILaunchStoryboardName = LaunchScreen;
				INFOPLIST_KEY_UIMainStoryboardFile = Main;
				INFOPLIST_KEY_UISupportedInterfaceOrientations_iPad = "UIInterfaceOrientationPortrait UIInterfaceOrientationPortraitUpsideDown UIInterfaceOrientationLandscapeLeft UIInterfaceOrientationLandscapeRight";
				INFOPLIST_KEY_UISupportedInterfaceOrientations_iPhone = "UIInterfaceOrientationPortrait UIInterfaceOrientationLandscapeLeft UIInterfaceOrientationLandscapeRight";
				LD_RUNPATH_SEARCH_PATHS = (
					"$(inherited)",
					"@executable_path/Frameworks",
				);
				MARKETING_VERSION = 1.0;
				PRODUCT_BUNDLE_IDENTIFIER = com.yeonju.FillTheEgg;
				PRODUCT_NAME = "$(TARGET_NAME)";
				SWIFT_EMIT_LOC_STRINGS = YES;
				SWIFT_VERSION = 5.0;
				TARGETED_DEVICE_FAMILY = "1,2";
			};
			name = Debug;
		};
		7D9B47F22B7A2A02003451A2 /* Release */ = {
			isa = XCBuildConfiguration;
			buildSettings = {
				ASSETCATALOG_COMPILER_APPICON_NAME = AppIcon;
				ASSETCATALOG_COMPILER_GLOBAL_ACCENT_COLOR_NAME = AccentColor;
				CODE_SIGN_STYLE = Automatic;
				CURRENT_PROJECT_VERSION = 1;
				DEVELOPMENT_TEAM = 5B4DDA3JD6;
				GENERATE_INFOPLIST_FILE = YES;
				INFOPLIST_FILE = FillTheEgg/Info.plist;
				INFOPLIST_KEY_CFBundleDisplayName = "";
				INFOPLIST_KEY_LSApplicationCategoryType = "";
				INFOPLIST_KEY_UIApplicationSupportsIndirectInputEvents = YES;
				INFOPLIST_KEY_UILaunchStoryboardName = LaunchScreen;
				INFOPLIST_KEY_UIMainStoryboardFile = Main;
				INFOPLIST_KEY_UISupportedInterfaceOrientations_iPad = "UIInterfaceOrientationPortrait UIInterfaceOrientationPortraitUpsideDown UIInterfaceOrientationLandscapeLeft UIInterfaceOrientationLandscapeRight";
				INFOPLIST_KEY_UISupportedInterfaceOrientations_iPhone = "UIInterfaceOrientationPortrait UIInterfaceOrientationLandscapeLeft UIInterfaceOrientationLandscapeRight";
				LD_RUNPATH_SEARCH_PATHS = (
					"$(inherited)",
					"@executable_path/Frameworks",
				);
				MARKETING_VERSION = 1.0;
				PRODUCT_BUNDLE_IDENTIFIER = com.yeonju.FillTheEgg;
				PRODUCT_NAME = "$(TARGET_NAME)";
				SWIFT_EMIT_LOC_STRINGS = YES;
				SWIFT_VERSION = 5.0;
				TARGETED_DEVICE_FAMILY = "1,2";
			};
			name = Release;
		};
/* End XCBuildConfiguration section */

/* Begin XCConfigurationList section */
		7D9B47D42B7A2A00003451A2 /* Build configuration list for PBXProject "FillTheEgg" */ = {
			isa = XCConfigurationList;
			buildConfigurations = (
				7D9B47EE2B7A2A02003451A2 /* Debug */,
				7D9B47EF2B7A2A02003451A2 /* Release */,
			);
			defaultConfigurationIsVisible = 0;
			defaultConfigurationName = Release;
		};
		7D9B47F02B7A2A02003451A2 /* Build configuration list for PBXNativeTarget "FillTheEgg" */ = {
			isa = XCConfigurationList;
			buildConfigurations = (
				7D9B47F12B7A2A02003451A2 /* Debug */,
				7D9B47F22B7A2A02003451A2 /* Release */,
			);
			defaultConfigurationIsVisible = 0;
			defaultConfigurationName = Release;
		};
/* End XCConfigurationList section */

/* Begin XCVersionGroup section */
		7D9B47E52B7A2A00003451A2 /* FillTheEgg.xcdatamodeld */ = {
			isa = XCVersionGroup;
			children = (
				7D9B47E62B7A2A00003451A2 /* FillTheEgg.xcdatamodel */,
			);
			currentVersion = 7D9B47E62B7A2A00003451A2 /* FillTheEgg.xcdatamodel */;
			path = FillTheEgg.xcdatamodeld;
			sourceTree = "<group>";
			versionGroupType = wrapper.xcdatamodel;
		};
/* End XCVersionGroup section */
	};
	rootObject = 7D9B47D12B7A2A00003451A2 /* Project object */;
}
